
Microsoft Visual Studio Solution File, Format Version 11.00
# Visual Studio 2010
Project("{FAE04EC0-301F-11D3-BF4B-00C04F79EFBC}") = "Test.Test", "Test.Test\Test.Test.csproj", "{D0C59E5F-6E70-40F1-8837-AB24785BCE7D}"
EndProject
Global
	GlobalSection(SolutionConfigurationPlatforms) = preSolution
		Debug|Any CPU = Debug|Any CPU
		Release|Any CPU = Release|Any CPU
	EndGlobalSection
	GlobalSection(ProjectConfigurationPlatforms) = postSolution
		{D0C59E5F-6E70-40F1-8837-AB24785BCE7D}.Debug|Any CPU.ActiveCfg = Debug|Any CPU
		{D0C59E5F-6E70-40F1-8837-AB24785BCE7D}.Debug|Any CPU.Build.0 = Debug|Any CPU
		{D0C59E5F-6E70-40F1-8837-AB24785BCE7D}.Release|Any CPU.ActiveCfg = Release|Any CPU
		{D0C59E5F-6E70-40F1-8837-AB24785BCE7D}.Release|Any CPU.Build.0 = Release|Any CPU
	EndGlobalSection
	GlobalSection(SolutionProperties) = preSolution
		HideSolutionNode = FALSE
	EndGlobalSection
EndGlobal
